
Microsoft Visual Studio Solution File, Format Version 12.00
# Visual Studio 2013
VisualStudioVersion = 12.0.21005.1
MinimumVisualStudioVersion = 10.0.40219.1
Project("{FAE04EC0-301F-11D3-BF4B-00C04F79EFBC}") = "Group17", "Group17\Group17.csproj", "{4C88FECE-E398-4C90-B934-8C3B2E690B63}"
EndProject
Project("{FAE04EC0-301F-11D3-BF4B-00C04F79EFBC}") = "Lesson2", "Lesson2\Lesson2.csproj", "{1438BF90-D838-4694-9460-7327CD809C37}"
EndProject
Project("{FAE04EC0-301F-11D3-BF4B-00C04F79EFBC}") = "Lesson3-4", "Lesson3-4\Lesson3-4.csproj", "{B11C7B06-1263-411A-9652-09F5F13B129D}"
EndProject
Project("{FAE04EC0-301F-11D3-BF4B-00C04F79EFBC}") = "Lesson6", "Lesson6\Lesson6.csproj", "{083D876D-090F-4363-8338-3E9F977A14B9}"
EndProject
Project("{FAE04EC0-301F-11D3-BF4B-00C04F79EFBC}") = "Lesson10_Serialization", "Lesson10_Serialization\Lesson10_Serialization.csproj", "{F8EC3356-0CE5-4271-903F-F070FA3FABAF}"
EndProject
Project("{FAE04EC0-301F-11D3-BF4B-00C04F79EFBC}") = "XmlWeb", "XmlWeb\XmlWeb.csproj", "{E22A2347-0D41-4060-8EAD-141C9FD3A8AD}"
EndProject
Project("{FAE04EC0-301F-11D3-BF4B-00C04F79EFBC}") = "Lesson10", "Lesson10\Lesson10.csproj", "{D1EC0FED-7C12-4E9C-931D-7AD306DFB026}"
EndProject
Project("{FAE04EC0-301F-11D3-BF4B-00C04F79EFBC}") = "WorkersEditor", "WorkersEditor\WorkersEditor.csproj", "{42359173-9985-4638-8FDD-7E502293CE0B}"
EndProject
Project("{FAE04EC0-301F-11D3-BF4B-00C04F79EFBC}") = "WorkersLibrary", "WorkersLibrary\WorkersLibrary.csproj", "{4BF7C155-92B4-4384-BC9B-CC12FCEBA1DD}"
EndProject
Global
	GlobalSection(SolutionConfigurationPlatforms) = preSolution
		Debug|Any CPU = Debug|Any CPU
		Release|Any CPU = Release|Any CPU
		Trial|Any CPU = Trial|Any CPU
	EndGlobalSection
	GlobalSection(ProjectConfigurationPlatforms) = postSolution
		{4C88FECE-E398-4C90-B934-8C3B2E690B63}.Debug|Any CPU.ActiveCfg = Debug|Any CPU
		{4C88FECE-E398-4C90-B934-8C3B2E690B63}.Debug|Any CPU.Build.0 = Debug|Any CPU
		{4C88FECE-E398-4C90-B934-8C3B2E690B63}.Release|Any CPU.ActiveCfg = Release|Any CPU
		{4C88FECE-E398-4C90-B934-8C3B2E690B63}.Release|Any CPU.Build.0 = Release|Any CPU
		{4C88FECE-E398-4C90-B934-8C3B2E690B63}.Trial|Any CPU.ActiveCfg = Trial|Any CPU
		{4C88FECE-E398-4C90-B934-8C3B2E690B63}.Trial|Any CPU.Build.0 = Trial|Any CPU
		{1438BF90-D838-4694-9460-7327CD809C37}.Debug|Any CPU.ActiveCfg = Debug|Any CPU
		{1438BF90-D838-4694-9460-7327CD809C37}.Debug|Any CPU.Build.0 = Debug|Any CPU
		{1438BF90-D838-4694-9460-7327CD809C37}.Release|Any CPU.ActiveCfg = Release|Any CPU
		{1438BF90-D838-4694-9460-7327CD809C37}.Release|Any CPU.Build.0 = Release|Any CPU
		{1438BF90-D838-4694-9460-7327CD809C37}.Trial|Any CPU.ActiveCfg = Trial|Any CPU
		{1438BF90-D838-4694-9460-7327CD809C37}.Trial|Any CPU.Build.0 = Trial|Any CPU
		{B11C7B06-1263-411A-9652-09F5F13B129D}.Debug|Any CPU.ActiveCfg = Debug|Any CPU
		{B11C7B06-1263-411A-9652-09F5F13B129D}.Debug|Any CPU.Build.0 = Debug|Any CPU
		{B11C7B06-1263-411A-9652-09F5F13B129D}.Release|Any CPU.ActiveCfg = Release|Any CPU
		{B11C7B06-1263-411A-9652-09F5F13B129D}.Release|Any CPU.Build.0 = Release|Any CPU
		{B11C7B06-1263-411A-9652-09F5F13B129D}.Trial|Any CPU.ActiveCfg = Trial|Any CPU
		{B11C7B06-1263-411A-9652-09F5F13B129D}.Trial|Any CPU.Build.0 = Trial|Any CPU
		{083D876D-090F-4363-8338-3E9F977A14B9}.Debug|Any CPU.ActiveCfg = Debug|Any CPU
		{083D876D-090F-4363-8338-3E9F977A14B9}.Debug|Any CPU.Build.0 = Debug|Any CPU
		{083D876D-090F-4363-8338-3E9F977A14B9}.Release|Any CPU.ActiveCfg = Release|Any CPU
		{083D876D-090F-4363-8338-3E9F977A14B9}.Release|Any CPU.Build.0 = Release|Any CPU
		{083D876D-090F-4363-8338-3E9F977A14B9}.Trial|Any CPU.ActiveCfg = Trial|Any CPU
		{083D876D-090F-4363-8338-3E9F977A14B9}.Trial|Any CPU.Build.0 = Trial|Any CPU
		{F8EC3356-0CE5-4271-903F-F070FA3FABAF}.Debug|Any CPU.ActiveCfg = Debug|Any CPU
		{F8EC3356-0CE5-4271-903F-F070FA3FABAF}.Debug|Any CPU.Build.0 = Debug|Any CPU
		{F8EC3356-0CE5-4271-903F-F070FA3FABAF}.Release|Any CPU.ActiveCfg = Release|Any CPU
		{F8EC3356-0CE5-4271-903F-F070FA3FABAF}.Release|Any CPU.Build.0 = Release|Any CPU
		{F8EC3356-0CE5-4271-903F-F070FA3FABAF}.Trial|Any CPU.ActiveCfg = Trial|Any CPU
		{F8EC3356-0CE5-4271-903F-F070FA3FABAF}.Trial|Any CPU.Build.0 = Trial|Any CPU
		{E22A2347-0D41-4060-8EAD-141C9FD3A8AD}.Debug|Any CPU.ActiveCfg = Debug|Any CPU
		{E22A2347-0D41-4060-8EAD-141C9FD3A8AD}.Debug|Any CPU.Build.0 = Debug|Any CPU
		{E22A2347-0D41-4060-8EAD-141C9FD3A8AD}.Release|Any CPU.ActiveCfg = Release|Any CPU
		{E22A2347-0D41-4060-8EAD-141C9FD3A8AD}.Release|Any CPU.Build.0 = Release|Any CPU
		{E22A2347-0D41-4060-8EAD-141C9FD3A8AD}.Trial|Any CPU.ActiveCfg = Trial|Any CPU
		{E22A2347-0D41-4060-8EAD-141C9FD3A8AD}.Trial|Any CPU.Build.0 = Trial|Any CPU
		{D1EC0FED-7C12-4E9C-931D-7AD306DFB026}.Debug|Any CPU.ActiveCfg = Debug|Any CPU
		{D1EC0FED-7C12-4E9C-931D-7AD306DFB026}.Debug|Any CPU.Build.0 = Debug|Any CPU
		{D1EC0FED-7C12-4E9C-931D-7AD306DFB026}.Release|Any CPU.ActiveCfg = Release|Any CPU
		{D1EC0FED-7C12-4E9C-931D-7AD306DFB026}.Release|Any CPU.Build.0 = Release|Any CPU
		{D1EC0FED-7C12-4E9C-931D-7AD306DFB026}.Trial|Any CPU.ActiveCfg = Trial|Any CPU
		{D1EC0FED-7C12-4E9C-931D-7AD306DFB026}.Trial|Any CPU.Build.0 = Trial|Any CPU
		{42359173-9985-4638-8FDD-7E502293CE0B}.Debug|Any CPU.ActiveCfg = Debug|Any CPU
		{42359173-9985-4638-8FDD-7E502293CE0B}.Debug|Any CPU.Build.0 = Debug|Any CPU
		{42359173-9985-4638-8FDD-7E502293CE0B}.Release|Any CPU.ActiveCfg = Release|Any CPU
		{42359173-9985-4638-8FDD-7E502293CE0B}.Release|Any CPU.Build.0 = Release|Any CPU
		{42359173-9985-4638-8FDD-7E502293CE0B}.Trial|Any CPU.ActiveCfg = Release|Any CPU
		{42359173-9985-4638-8FDD-7E502293CE0B}.Trial|Any CPU.Build.0 = Release|Any CPU
		{4BF7C155-92B4-4384-BC9B-CC12FCEBA1DD}.Debug|Any CPU.ActiveCfg = Debug|Any CPU
		{4BF7C155-92B4-4384-BC9B-CC12FCEBA1DD}.Debug|Any CPU.Build.0 = Debug|Any CPU
		{4BF7C155-92B4-4384-BC9B-CC12FCEBA1DD}.Release|Any CPU.ActiveCfg = Release|Any CPU
		{4BF7C155-92B4-4384-BC9B-CC12FCEBA1DD}.Release|Any CPU.Build.0 = Release|Any CPU
		{4BF7C155-92B4-4384-BC9B-CC12FCEBA1DD}.Trial|Any CPU.ActiveCfg = Release|Any CPU
		{4BF7C155-92B4-4384-BC9B-CC12FCEBA1DD}.Trial|Any CPU.Build.0 = Release|Any CPU
	EndGlobalSection
	GlobalSection(SolutionProperties) = preSolution
		HideSolutionNode = FALSE
	EndGlobalSection
EndGlobal
